
Microsoft Visual Studio Solution File, Format Version 12.00
# Visual Studio Version 17
VisualStudioVersion = 17.8.34309.116
MinimumVisualStudioVersion = 10.0.40219.1
Project("{FAE04EC0-301F-11D3-BF4B-00C04F79EFBC}") = "TheJourneyAPI", "TheJourneyAPI.csproj", "{98289251-6C03-461B-8331-57383D670C1B}"
EndProject
Global
	GlobalSection(SolutionConfigurationPlatforms) = preSolution
		Debug|Any CPU = Debug|Any CPU
		Release|Any CPU = Release|Any CPU
	EndGlobalSection
	GlobalSection(ProjectConfigurationPlatforms) = postSolution
		{98289251-6C03-461B-8331-57383D670C1B}.Debug|Any CPU.ActiveCfg = Debug|Any CPU
		{98289251-6C03-461B-8331-57383D670C1B}.Debug|Any CPU.Build.0 = Debug|Any CPU
		{98289251-6C03-461B-8331-57383D670C1B}.Release|Any CPU.ActiveCfg = Release|Any CPU
		{98289251-6C03-461B-8331-57383D670C1B}.Release|Any CPU.Build.0 = Release|Any CPU
	EndGlobalSection
	GlobalSection(SolutionProperties) = preSolution
		HideSolutionNode = FALSE
	EndGlobalSection
	GlobalSection(ExtensibilityGlobals) = postSolution
		SolutionGuid = {A7F8A037-C695-482E-B2EC-41A58B7FEC16}
	EndGlobalSection
EndGlobal
